
Microsoft Visual Studio Solution File, Format Version 12.00
# Visual Studio 2012
Project("{FAE04EC0-301F-11D3-BF4B-00C04F79EFBC}") = "Otto", "Otto.csproj", "{3BACA6C4-1DE2-4BA6-AE84-33A2F137EFAA}"
EndProject
Project("{FAE04EC0-301F-11D3-BF4B-00C04F79EFBC}") = "Test Harness", "..\Test Harness\Test Harness.csproj", "{390932F3-EB79-45C5-BAB6-268F663383BB}"
EndProject
Global
	GlobalSection(SolutionConfigurationPlatforms) = preSolution
		Debug|Any CPU = Debug|Any CPU
		Release|Any CPU = Release|Any CPU
	EndGlobalSection
	GlobalSection(ProjectConfigurationPlatforms) = postSolution
		{3BACA6C4-1DE2-4BA6-AE84-33A2F137EFAA}.Debug|Any CPU.ActiveCfg = Debug|Any CPU
		{3BACA6C4-1DE2-4BA6-AE84-33A2F137EFAA}.Debug|Any CPU.Build.0 = Debug|Any CPU
		{3BACA6C4-1DE2-4BA6-AE84-33A2F137EFAA}.Release|Any CPU.ActiveCfg = Release|Any CPU
		{3BACA6C4-1DE2-4BA6-AE84-33A2F137EFAA}.Release|Any CPU.Build.0 = Release|Any CPU
		{390932F3-EB79-45C5-BAB6-268F663383BB}.Debug|Any CPU.ActiveCfg = Debug|Any CPU
		{390932F3-EB79-45C5-BAB6-268F663383BB}.Debug|Any CPU.Build.0 = Debug|Any CPU
		{390932F3-EB79-45C5-BAB6-268F663383BB}.Release|Any CPU.ActiveCfg = Release|Any CPU
		{390932F3-EB79-45C5-BAB6-268F663383BB}.Release|Any CPU.Build.0 = Release|Any CPU
	EndGlobalSection
	GlobalSection(SolutionProperties) = preSolution
		HideSolutionNode = FALSE
	EndGlobalSection
EndGlobal
